
Microsoft Visual Studio Solution File, Format Version 12.00
# Visual Studio 2013
VisualStudioVersion = 12.0.21005.1
MinimumVisualStudioVersion = 10.0.40219.1
Project("{2150E333-8FDC-42A3-9474-1A3956D46DE8}") = "OWIN", "OWIN", "{34112166-4294-4FB9-B297-6FD6E1B1167B}"
EndProject
Project("{2150E333-8FDC-42A3-9474-1A3956D46DE8}") = "OAuth", "OAuth", "{31D4C74D-963C-4B4E-B9F2-CA3E9A8BFF77}"
EndProject
Project("{FAE04EC0-301F-11D3-BF4B-00C04F79EFBC}") = "MySPA001", "MySPA001\MySPA001.csproj", "{91D7ACD8-8134-4043-B069-F5E3531A6541}"
EndProject
Project("{FAE04EC0-301F-11D3-BF4B-00C04F79EFBC}") = "GoogleAuthTest", "GoogleAuthTest\GoogleAuthTest.csproj", "{3980635E-F3F8-41F7-9D9F-A010210F949E}"
EndProject
Project("{FAE04EC0-301F-11D3-BF4B-00C04F79EFBC}") = "1HttpListener", "1HttpListener\1HttpListener.csproj", "{363B09B7-2936-4BAE-AC5C-FDFC35741537}"
EndProject
Project("{FAE04EC0-301F-11D3-BF4B-00C04F79EFBC}") = "2WithHomePage", "2WithHomePage\2WithHomePage.csproj", "{4473BEC0-2B1E-495E-823E-30332905E214}"
EndProject
Project("{FAE04EC0-301F-11D3-BF4B-00C04F79EFBC}") = "3FIrstMiddleware", "3FIrstMiddleware\3FIrstMiddleware.csproj", "{C14C5E53-5BC4-4B0F-A22A-E57E3DD4EE6C}"
EndProject
Project("{FAE04EC0-301F-11D3-BF4B-00C04F79EFBC}") = "4SelfHostedWebAPI", "4SelfHostedWebAPI\4SelfHostedWebAPI.csproj", "{7187B019-F685-497C-A6AA-BD7BABA9FCAE}"
EndProject
Project("{FAE04EC0-301F-11D3-BF4B-00C04F79EFBC}") = "5WebAPIHostedOnIIS", "5WebAPIHostedOnIIS\5WebAPIHostedOnIIS.csproj", "{9C8BD340-271D-47CE-82DA-0CB6CE23F7DF}"
EndProject
Project("{2150E333-8FDC-42A3-9474-1A3956D46DE8}") = "CORS", "CORS", "{7C567677-4FDA-49F7-B70C-1B8A08104BFE}"
EndProject
Project("{2150E333-8FDC-42A3-9474-1A3956D46DE8}") = "OData", "OData", "{98818153-3D26-42F5-AB48-7418AD3A81FB}"
EndProject
Project("{FAE04EC0-301F-11D3-BF4B-00C04F79EFBC}") = "ProductManagement", "ProductManagement\ProductManagement.csproj", "{856747B1-8930-4F7D-8A54-92B99E18E742}"
EndProject
Project("{FAE04EC0-301F-11D3-BF4B-00C04F79EFBC}") = "CORSTestClient", "CORSTestClient\CORSTestClient.csproj", "{236DF514-3FF0-40F6-87EA-B061DD8963DE}"
EndProject
Project("{FAE04EC0-301F-11D3-BF4B-00C04F79EFBC}") = "CORSAPI", "CORSAPI\CORSAPI.csproj", "{B6C1A05F-4C0B-4CBF-930E-5DBE0DE3FE1F}"
EndProject
Global
	GlobalSection(SolutionConfigurationPlatforms) = preSolution
		Debug|Any CPU = Debug|Any CPU
		Release|Any CPU = Release|Any CPU
	EndGlobalSection
	GlobalSection(ProjectConfigurationPlatforms) = postSolution
		{91D7ACD8-8134-4043-B069-F5E3531A6541}.Debug|Any CPU.ActiveCfg = Debug|Any CPU
		{91D7ACD8-8134-4043-B069-F5E3531A6541}.Debug|Any CPU.Build.0 = Debug|Any CPU
		{91D7ACD8-8134-4043-B069-F5E3531A6541}.Release|Any CPU.ActiveCfg = Release|Any CPU
		{91D7ACD8-8134-4043-B069-F5E3531A6541}.Release|Any CPU.Build.0 = Release|Any CPU
		{3980635E-F3F8-41F7-9D9F-A010210F949E}.Debug|Any CPU.ActiveCfg = Debug|Any CPU
		{3980635E-F3F8-41F7-9D9F-A010210F949E}.Debug|Any CPU.Build.0 = Debug|Any CPU
		{3980635E-F3F8-41F7-9D9F-A010210F949E}.Release|Any CPU.ActiveCfg = Release|Any CPU
		{3980635E-F3F8-41F7-9D9F-A010210F949E}.Release|Any CPU.Build.0 = Release|Any CPU
		{363B09B7-2936-4BAE-AC5C-FDFC35741537}.Debug|Any CPU.ActiveCfg = Debug|Any CPU
		{363B09B7-2936-4BAE-AC5C-FDFC35741537}.Debug|Any CPU.Build.0 = Debug|Any CPU
		{363B09B7-2936-4BAE-AC5C-FDFC35741537}.Release|Any CPU.ActiveCfg = Release|Any CPU
		{363B09B7-2936-4BAE-AC5C-FDFC35741537}.Release|Any CPU.Build.0 = Release|Any CPU
		{4473BEC0-2B1E-495E-823E-30332905E214}.Debug|Any CPU.ActiveCfg = Debug|Any CPU
		{4473BEC0-2B1E-495E-823E-30332905E214}.Debug|Any CPU.Build.0 = Debug|Any CPU
		{4473BEC0-2B1E-495E-823E-30332905E214}.Release|Any CPU.ActiveCfg = Release|Any CPU
		{4473BEC0-2B1E-495E-823E-30332905E214}.Release|Any CPU.Build.0 = Release|Any CPU
		{C14C5E53-5BC4-4B0F-A22A-E57E3DD4EE6C}.Debug|Any CPU.ActiveCfg = Debug|Any CPU
		{C14C5E53-5BC4-4B0F-A22A-E57E3DD4EE6C}.Debug|Any CPU.Build.0 = Debug|Any CPU
		{C14C5E53-5BC4-4B0F-A22A-E57E3DD4EE6C}.Release|Any CPU.ActiveCfg = Release|Any CPU
		{C14C5E53-5BC4-4B0F-A22A-E57E3DD4EE6C}.Release|Any CPU.Build.0 = Release|Any CPU
		{7187B019-F685-497C-A6AA-BD7BABA9FCAE}.Debug|Any CPU.ActiveCfg = Debug|Any CPU
		{7187B019-F685-497C-A6AA-BD7BABA9FCAE}.Debug|Any CPU.Build.0 = Debug|Any CPU
		{7187B019-F685-497C-A6AA-BD7BABA9FCAE}.Release|Any CPU.ActiveCfg = Release|Any CPU
		{7187B019-F685-497C-A6AA-BD7BABA9FCAE}.Release|Any CPU.Build.0 = Release|Any CPU
		{9C8BD340-271D-47CE-82DA-0CB6CE23F7DF}.Debug|Any CPU.ActiveCfg = Debug|Any CPU
		{9C8BD340-271D-47CE-82DA-0CB6CE23F7DF}.Debug|Any CPU.Build.0 = Debug|Any CPU
		{9C8BD340-271D-47CE-82DA-0CB6CE23F7DF}.Release|Any CPU.ActiveCfg = Release|Any CPU
		{9C8BD340-271D-47CE-82DA-0CB6CE23F7DF}.Release|Any CPU.Build.0 = Release|Any CPU
		{856747B1-8930-4F7D-8A54-92B99E18E742}.Debug|Any CPU.ActiveCfg = Debug|Any CPU
		{856747B1-8930-4F7D-8A54-92B99E18E742}.Debug|Any CPU.Build.0 = Debug|Any CPU
		{856747B1-8930-4F7D-8A54-92B99E18E742}.Release|Any CPU.ActiveCfg = Release|Any CPU
		{856747B1-8930-4F7D-8A54-92B99E18E742}.Release|Any CPU.Build.0 = Release|Any CPU
		{236DF514-3FF0-40F6-87EA-B061DD8963DE}.Debug|Any CPU.ActiveCfg = Debug|Any CPU
		{236DF514-3FF0-40F6-87EA-B061DD8963DE}.Debug|Any CPU.Build.0 = Debug|Any CPU
		{236DF514-3FF0-40F6-87EA-B061DD8963DE}.Release|Any CPU.ActiveCfg = Release|Any CPU
		{236DF514-3FF0-40F6-87EA-B061DD8963DE}.Release|Any CPU.Build.0 = Release|Any CPU
		{B6C1A05F-4C0B-4CBF-930E-5DBE0DE3FE1F}.Debug|Any CPU.ActiveCfg = Debug|Any CPU
		{B6C1A05F-4C0B-4CBF-930E-5DBE0DE3FE1F}.Debug|Any CPU.Build.0 = Debug|Any CPU
		{B6C1A05F-4C0B-4CBF-930E-5DBE0DE3FE1F}.Release|Any CPU.ActiveCfg = Release|Any CPU
		{B6C1A05F-4C0B-4CBF-930E-5DBE0DE3FE1F}.Release|Any CPU.Build.0 = Release|Any CPU
	EndGlobalSection
	GlobalSection(SolutionProperties) = preSolution
		HideSolutionNode = FALSE
	EndGlobalSection
	GlobalSection(NestedProjects) = preSolution
		{363B09B7-2936-4BAE-AC5C-FDFC35741537} = {34112166-4294-4FB9-B297-6FD6E1B1167B}
		{4473BEC0-2B1E-495E-823E-30332905E214} = {34112166-4294-4FB9-B297-6FD6E1B1167B}
		{C14C5E53-5BC4-4B0F-A22A-E57E3DD4EE6C} = {34112166-4294-4FB9-B297-6FD6E1B1167B}
		{7187B019-F685-497C-A6AA-BD7BABA9FCAE} = {34112166-4294-4FB9-B297-6FD6E1B1167B}
		{9C8BD340-271D-47CE-82DA-0CB6CE23F7DF} = {34112166-4294-4FB9-B297-6FD6E1B1167B}
		{91D7ACD8-8134-4043-B069-F5E3531A6541} = {31D4C74D-963C-4B4E-B9F2-CA3E9A8BFF77}
		{3980635E-F3F8-41F7-9D9F-A010210F949E} = {31D4C74D-963C-4B4E-B9F2-CA3E9A8BFF77}
		{236DF514-3FF0-40F6-87EA-B061DD8963DE} = {7C567677-4FDA-49F7-B70C-1B8A08104BFE}
		{B6C1A05F-4C0B-4CBF-930E-5DBE0DE3FE1F} = {7C567677-4FDA-49F7-B70C-1B8A08104BFE}
		{856747B1-8930-4F7D-8A54-92B99E18E742} = {98818153-3D26-42F5-AB48-7418AD3A81FB}
	EndGlobalSection
EndGlobal
